// !$*UTF8*$!
{
	archiveVersion = 1;
	classes = {
	};
	objectVersion = 46;
	objects = {

/* Begin PBXBuildFile section */
		6D4C3D661D700E0000816A26 /* UIKit.framework in Frameworks */ = {isa = PBXBuildFile; fileRef = 6D4C3D651D700E0000816A26 /* UIKit.framework */; };
		6D4C3D681D700E0500816A26 /* Foundation.framework in Frameworks */ = {isa = PBXBuildFile; fileRef = 6D4C3D671D700E0500816A26 /* Foundation.framework */; };
		6D4C3D6A1D700E0B00816A26 /* libz.tbd in Frameworks */ = {isa = PBXBuildFile; fileRef = 6D4C3D691D700E0B00816A26 /* libz.tbd */; };
		6D63E4921E0BAE8900273FC1 /* GTMBase64.m in Sources */ = {isa = PBXBuildFile; fileRef = 6D63E4621E0BAE8900273FC1 /* GTMBase64.m */; };
		6D63E4931E0BAE8900273FC1 /* NSArray+LYAssets.m in Sources */ = {isa = PBXBuildFile; fileRef = 6D63E4661E0BAE8900273FC1 /* NSArray+LYAssets.m */; };
		6D63E4941E0BAE8900273FC1 /* NSData+LYAssets.m in Sources */ = {isa = PBXBuildFile; fileRef = 6D63E4681E0BAE8900273FC1 /* NSData+LYAssets.m */; };
		6D63E4951E0BAE8900273FC1 /* NSDate+LYAssets.m in Sources */ = {isa = PBXBuildFile; fileRef = 6D63E46A1E0BAE8900273FC1 /* NSDate+LYAssets.m */; };
		6D63E4961E0BAE8900273FC1 /* NSDictionary+LYAssets.m in Sources */ = {isa = PBXBuildFile; fileRef = 6D63E46C1E0BAE8900273FC1 /* NSDictionary+LYAssets.m */; };
		6D63E4971E0BAE8900273FC1 /* NSFileManager+LYAssets.m in Sources */ = {isa = PBXBuildFile; fileRef = 6D63E46E1E0BAE8900273FC1 /* NSFileManager+LYAssets.m */; };
		6D63E4981E0BAE8900273FC1 /* NSIndexPath+LYAssets.m in Sources */ = {isa = PBXBuildFile; fileRef = 6D63E4701E0BAE8900273FC1 /* NSIndexPath+LYAssets.m */; };
		6D63E4991E0BAE8900273FC1 /* NSMutableArray+LYAssets.m in Sources */ = {isa = PBXBuildFile; fileRef = 6D63E4721E0BAE8900273FC1 /* NSMutableArray+LYAssets.m */; };
		6D63E49A1E0BAE8900273FC1 /* NSMutableDictionary+LYAssets.m in Sources */ = {isa = PBXBuildFile; fileRef = 6D63E4741E0BAE8900273FC1 /* NSMutableDictionary+LYAssets.m */; };
		6D63E49B1E0BAE8900273FC1 /* NSMutableString+LYAssets.m in Sources */ = {isa = PBXBuildFile; fileRef = 6D63E4761E0BAE8900273FC1 /* NSMutableString+LYAssets.m */; };
		6D63E49C1E0BAE8900273FC1 /* NSObject+LYAssets.m in Sources */ = {isa = PBXBuildFile; fileRef = 6D63E4781E0BAE8900273FC1 /* NSObject+LYAssets.m */; };
		6D63E49D1E0BAE8900273FC1 /* NSString+LYAssets.m in Sources */ = {isa = PBXBuildFile; fileRef = 6D63E47A1E0BAE8900273FC1 /* NSString+LYAssets.m */; };
		6D63E49E1E0BAE8900273FC1 /* LYConstantAssets.m in Sources */ = {isa = PBXBuildFile; fileRef = 6D63E47C1E0BAE8900273FC1 /* LYConstantAssets.m */; };
		6D63E49F1E0BAE8900273FC1 /* LYNavigationController.m in Sources */ = {isa = PBXBuildFile; fileRef = 6D63E4811E0BAE8900273FC1 /* LYNavigationController.m */; };
		6D63E4A01E0BAE8900273FC1 /* LYVisibleButton.m in Sources */ = {isa = PBXBuildFile; fileRef = 6D63E4831E0BAE8900273FC1 /* LYVisibleButton.m */; };
		6D63E4A11E0BAE8900273FC1 /* LYVisibleImageView.m in Sources */ = {isa = PBXBuildFile; fileRef = 6D63E4851E0BAE8900273FC1 /* LYVisibleImageView.m */; };
		6D63E4A21E0BAE8900273FC1 /* LYVisibleLabel.m in Sources */ = {isa = PBXBuildFile; fileRef = 6D63E4871E0BAE8900273FC1 /* LYVisibleLabel.m */; };
		6D63E4A31E0BAE8900273FC1 /* LYVisibleView.m in Sources */ = {isa = PBXBuildFile; fileRef = 6D63E4891E0BAE8900273FC1 /* LYVisibleView.m */; };
		6D63E4A41E0BAE8900273FC1 /* UIColor+LYAssets.m in Sources */ = {isa = PBXBuildFile; fileRef = 6D63E48B1E0BAE8900273FC1 /* UIColor+LYAssets.m */; };
		6D63E4A51E0BAE8900273FC1 /* UIImage+LYAssets.m in Sources */ = {isa = PBXBuildFile; fileRef = 6D63E48D1E0BAE8900273FC1 /* UIImage+LYAssets.m */; };
		6D63E4A61E0BAE8900273FC1 /* UINavigationController+LYAssets.m in Sources */ = {isa = PBXBuildFile; fileRef = 6D63E48F1E0BAE8900273FC1 /* UINavigationController+LYAssets.m */; };
		6D63E4A71E0BAE8900273FC1 /* UIViewController+LYAssets.m in Sources */ = {isa = PBXBuildFile; fileRef = 6D63E4911E0BAE8900273FC1 /* UIViewController+LYAssets.m */; };
		6DDB71C51D0D3E2900972587 /* main.m in Sources */ = {isa = PBXBuildFile; fileRef = 6DDB71C41D0D3E2900972587 /* main.m */; };
		6DDB71C81D0D3E2900972587 /* AppDelegate.m in Sources */ = {isa = PBXBuildFile; fileRef = 6DDB71C71D0D3E2900972587 /* AppDelegate.m */; };
		6DDB71CB1D0D3E2900972587 /* ViewController.m in Sources */ = {isa = PBXBuildFile; fileRef = 6DDB71CA1D0D3E2900972587 /* ViewController.m */; };
		6DDB71CE1D0D3E2900972587 /* Main.storyboard in Resources */ = {isa = PBXBuildFile; fileRef = 6DDB71CC1D0D3E2900972587 /* Main.storyboard */; };
		6DDB71D01D0D3E2900972587 /* Assets.xcassets in Resources */ = {isa = PBXBuildFile; fileRef = 6DDB71CF1D0D3E2900972587 /* Assets.xcassets */; };
		6DDB71D31D0D3E2900972587 /* LaunchScreen.storyboard in Resources */ = {isa = PBXBuildFile; fileRef = 6DDB71D11D0D3E2900972587 /* LaunchScreen.storyboard */; };
/* End PBXBuildFile section */

/* Begin PBXFileReference section */
		6D4C3D651D700E0000816A26 /* UIKit.framework */ = {isa = PBXFileReference; lastKnownFileType = wrapper.framework; name = UIKit.framework; path = System/Library/Frameworks/UIKit.framework; sourceTree = SDKROOT; };
		6D4C3D671D700E0500816A26 /* Foundation.framework */ = {isa = PBXFileReference; lastKnownFileType = wrapper.framework; name = Foundation.framework; path = System/Library/Frameworks/Foundation.framework; sourceTree = SDKROOT; };
		6D4C3D691D700E0B00816A26 /* libz.tbd */ = {isa = PBXFileReference; lastKnownFileType = "sourcecode.text-based-dylib-definition"; name = libz.tbd; path = usr/lib/libz.tbd; sourceTree = SDKROOT; };
		6D63E4611E0BAE8900273FC1 /* GTMBase64.h */ = {isa = PBXFileReference; fileEncoding = 4; lastKnownFileType = sourcecode.c.h; path = GTMBase64.h; sourceTree = "<group>"; };
		6D63E4621E0BAE8900273FC1 /* GTMBase64.m */ = {isa = PBXFileReference; fileEncoding = 4; lastKnownFileType = sourcecode.c.objc; path = GTMBase64.m; sourceTree = "<group>"; };
		6D63E4631E0BAE8900273FC1 /* GTMDefines.h */ = {isa = PBXFileReference; fileEncoding = 4; lastKnownFileType = sourcecode.c.h; path = GTMDefines.h; sourceTree = "<group>"; };
		6D63E4651E0BAE8900273FC1 /* NSArray+LYAssets.h */ = {isa = PBXFileReference; fileEncoding = 4; lastKnownFileType = sourcecode.c.h; path = "NSArray+LYAssets.h"; sourceTree = "<group>"; };
		6D63E4661E0BAE8900273FC1 /* NSArray+LYAssets.m */ = {isa = PBXFileReference; fileEncoding = 4; lastKnownFileType = sourcecode.c.objc; path = "NSArray+LYAssets.m"; sourceTree = "<group>"; };
		6D63E4671E0BAE8900273FC1 /* NSData+LYAssets.h */ = {isa = PBXFileReference; fileEncoding = 4; lastKnownFileType = sourcecode.c.h; path = "NSData+LYAssets.h"; sourceTree = "<group>"; };
		6D63E4681E0BAE8900273FC1 /* NSData+LYAssets.m */ = {isa = PBXFileReference; fileEncoding = 4; lastKnownFileType = sourcecode.c.objc; path = "NSData+LYAssets.m"; sourceTree = "<group>"; };
		6D63E4691E0BAE8900273FC1 /* NSDate+LYAssets.h */ = {isa = PBXFileReference; fileEncoding = 4; lastKnownFileType = sourcecode.c.h; path = "NSDate+LYAssets.h"; sourceTree = "<group>"; };
		6D63E46A1E0BAE8900273FC1 /* NSDate+LYAssets.m */ = {isa = PBXFileReference; fileEncoding = 4; lastKnownFileType = sourcecode.c.objc; path = "NSDate+LYAssets.m"; sourceTree = "<group>"; };
		6D63E46B1E0BAE8900273FC1 /* NSDictionary+LYAssets.h */ = {isa = PBXFileReference; fileEncoding = 4; lastKnownFileType = sourcecode.c.h; path = "NSDictionary+LYAssets.h"; sourceTree = "<group>"; };
		6D63E46C1E0BAE8900273FC1 /* NSDictionary+LYAssets.m */ = {isa = PBXFileReference; fileEncoding = 4; lastKnownFileType = sourcecode.c.objc; path = "NSDictionary+LYAssets.m"; sourceTree = "<group>"; };
		6D63E46D1E0BAE8900273FC1 /* NSFileManager+LYAssets.h */ = {isa = PBXFileReference; fileEncoding = 4; lastKnownFileType = sourcecode.c.h; path = "NSFileManager+LYAssets.h"; sourceTree = "<group>"; };
		6D63E46E1E0BAE8900273FC1 /* NSFileManager+LYAssets.m */ = {isa = PBXFileReference; fileEncoding = 4; lastKnownFileType = sourcecode.c.objc; path = "NSFileManager+LYAssets.m"; sourceTree = "<group>"; };
		6D63E46F1E0BAE8900273FC1 /* NSIndexPath+LYAssets.h */ = {isa = PBXFileReference; fileEncoding = 4; lastKnownFileType = sourcecode.c.h; path = "NSIndexPath+LYAssets.h"; sourceTree = "<group>"; };
		6D63E4701E0BAE8900273FC1 /* NSIndexPath+LYAssets.m */ = {isa = PBXFileReference; fileEncoding = 4; lastKnownFileType = sourcecode.c.objc; path = "NSIndexPath+LYAssets.m"; sourceTree = "<group>"; };
		6D63E4711E0BAE8900273FC1 /* NSMutableArray+LYAssets.h */ = {isa = PBXFileReference; fileEncoding = 4; lastKnownFileType = sourcecode.c.h; path = "NSMutableArray+LYAssets.h"; sourceTree = "<group>"; };
		6D63E4721E0BAE8900273FC1 /* NSMutableArray+LYAssets.m */ = {isa = PBXFileReference; fileEncoding = 4; lastKnownFileType = sourcecode.c.objc; path = "NSMutableArray+LYAssets.m"; sourceTree = "<group>"; };
		6D63E4731E0BAE8900273FC1 /* NSMutableDictionary+LYAssets.h */ = {isa = PBXFileReference; fileEncoding = 4; lastKnownFileType = sourcecode.c.h; path = "NSMutableDictionary+LYAssets.h"; sourceTree = "<group>"; };
		6D63E4741E0BAE8900273FC1 /* NSMutableDictionary+LYAssets.m */ = {isa = PBXFileReference; fileEncoding = 4; lastKnownFileType = sourcecode.c.objc; path = "NSMutableDictionary+LYAssets.m"; sourceTree = "<group>"; };
		6D63E4751E0BAE8900273FC1 /* NSMutableString+LYAssets.h */ = {isa = PBXFileReference; fileEncoding = 4; lastKnownFileType = sourcecode.c.h; path = "NSMutableString+LYAssets.h"; sourceTree = "<group>"; };
		6D63E4761E0BAE8900273FC1 /* NSMutableString+LYAssets.m */ = {isa = PBXFileReference; fileEncoding = 4; lastKnownFileType = sourcecode.c.objc; path = "NSMutableString+LYAssets.m"; sourceTree = "<group>"; };
		6D63E4771E0BAE8900273FC1 /* NSObject+LYAssets.h */ = {isa = PBXFileReference; fileEncoding = 4; lastKnownFileType = sourcecode.c.h; path = "NSObject+LYAssets.h"; sourceTree = "<group>"; };
		6D63E4781E0BAE8900273FC1 /* NSObject+LYAssets.m */ = {isa = PBXFileReference; fileEncoding = 4; lastKnownFileType = sourcecode.c.objc; path = "NSObject+LYAssets.m"; sourceTree = "<group>"; };
		6D63E4791E0BAE8900273FC1 /* NSString+LYAssets.h */ = {isa = PBXFileReference; fileEncoding = 4; lastKnownFileType = sourcecode.c.h; path = "NSString+LYAssets.h"; sourceTree = "<group>"; };
		6D63E47A1E0BAE8900273FC1 /* NSString+LYAssets.m */ = {isa = PBXFileReference; fileEncoding = 4; lastKnownFileType = sourcecode.c.objc; path = "NSString+LYAssets.m"; sourceTree = "<group>"; };
		6D63E47B1E0BAE8900273FC1 /* LYConstantAssets.h */ = {isa = PBXFileReference; fileEncoding = 4; lastKnownFileType = sourcecode.c.h; path = LYConstantAssets.h; sourceTree = "<group>"; };
		6D63E47C1E0BAE8900273FC1 /* LYConstantAssets.m */ = {isa = PBXFileReference; fileEncoding = 4; lastKnownFileType = sourcecode.c.objc; path = LYConstantAssets.m; sourceTree = "<group>"; };
		6D63E47D1E0BAE8900273FC1 /* LYMacrosHeaders.h */ = {isa = PBXFileReference; fileEncoding = 4; lastKnownFileType = sourcecode.c.h; path = LYMacrosHeaders.h; sourceTree = "<group>"; };
		6D63E47E1E0BAE8900273FC1 /* LYToolAssets.h */ = {isa = PBXFileReference; fileEncoding = 4; lastKnownFileType = sourcecode.c.h; path = LYToolAssets.h; sourceTree = "<group>"; };
		6D63E4801E0BAE8900273FC1 /* LYNavigationController.h */ = {isa = PBXFileReference; fileEncoding = 4; lastKnownFileType = sourcecode.c.h; path = LYNavigationController.h; sourceTree = "<group>"; };
		6D63E4811E0BAE8900273FC1 /* LYNavigationController.m */ = {isa = PBXFileReference; fileEncoding = 4; lastKnownFileType = sourcecode.c.objc; path = LYNavigationController.m; sourceTree = "<group>"; };
		6D63E4821E0BAE8900273FC1 /* LYVisibleButton.h */ = {isa = PBXFileReference; fileEncoding = 4; lastKnownFileType = sourcecode.c.h; path = LYVisibleButton.h; sourceTree = "<group>"; };
		6D63E4831E0BAE8900273FC1 /* LYVisibleButton.m */ = {isa = PBXFileReference; fileEncoding = 4; lastKnownFileType = sourcecode.c.objc; path = LYVisibleButton.m; sourceTree = "<group>"; };
		6D63E4841E0BAE8900273FC1 /* LYVisibleImageView.h */ = {isa = PBXFileReference; fileEncoding = 4; lastKnownFileType = sourcecode.c.h; path = LYVisibleImageView.h; sourceTree = "<group>"; };
		6D63E4851E0BAE8900273FC1 /* LYVisibleImageView.m */ = {isa = PBXFileReference; fileEncoding = 4; lastKnownFileType = sourcecode.c.objc; path = LYVisibleImageView.m; sourceTree = "<group>"; };
		6D63E4861E0BAE8900273FC1 /* LYVisibleLabel.h */ = {isa = PBXFileReference; fileEncoding = 4; lastKnownFileType = sourcecode.c.h; path = LYVisibleLabel.h; sourceTree = "<group>"; };
		6D63E4871E0BAE8900273FC1 /* LYVisibleLabel.m */ = {isa = PBXFileReference; fileEncoding = 4; lastKnownFileType = sourcecode.c.objc; path = LYVisibleLabel.m; sourceTree = "<group>"; };
		6D63E4881E0BAE8900273FC1 /* LYVisibleView.h */ = {isa = PBXFileReference; fileEncoding = 4; lastKnownFileType = sourcecode.c.h; path = LYVisibleView.h; sourceTree = "<group>"; };
		6D63E4891E0BAE8900273FC1 /* LYVisibleView.m */ = {isa = PBXFileReference; fileEncoding = 4; lastKnownFileType = sourcecode.c.objc; path = LYVisibleView.m; sourceTree = "<group>"; };
		6D63E48A1E0BAE8900273FC1 /* UIColor+LYAssets.h */ = {isa = PBXFileReference; fileEncoding = 4; lastKnownFileType = sourcecode.c.h; path = "UIColor+LYAssets.h"; sourceTree = "<group>"; };
		6D63E48B1E0BAE8900273FC1 /* UIColor+LYAssets.m */ = {isa = PBXFileReference; fileEncoding = 4; lastKnownFileType = sourcecode.c.objc; path = "UIColor+LYAssets.m"; sourceTree = "<group>"; };
		6D63E48C1E0BAE8900273FC1 /* UIImage+LYAssets.h */ = {isa = PBXFileReference; fileEncoding = 4; lastKnownFileType = sourcecode.c.h; path = "UIImage+LYAssets.h"; sourceTree = "<group>"; };
		6D63E48D1E0BAE8900273FC1 /* UIImage+LYAssets.m */ = {isa = PBXFileReference; fileEncoding = 4; lastKnownFileType = sourcecode.c.objc; path = "UIImage+LYAssets.m"; sourceTree = "<group>"; };
		6D63E48E1E0BAE8900273FC1 /* UINavigationController+LYAssets.h */ = {isa = PBXFileReference; fileEncoding = 4; lastKnownFileType = sourcecode.c.h; path = "UINavigationController+LYAssets.h"; sourceTree = "<group>"; };
		6D63E48F1E0BAE8900273FC1 /* UINavigationController+LYAssets.m */ = {isa = PBXFileReference; fileEncoding = 4; lastKnownFileType = sourcecode.c.objc; path = "UINavigationController+LYAssets.m"; sourceTree = "<group>"; };
		6D63E4901E0BAE8900273FC1 /* UIViewController+LYAssets.h */ = {isa = PBXFileReference; fileEncoding = 4; lastKnownFileType = sourcecode.c.h; path = "UIViewController+LYAssets.h"; sourceTree = "<group>"; };
		6D63E4911E0BAE8900273FC1 /* UIViewController+LYAssets.m */ = {isa = PBXFileReference; fileEncoding = 4; lastKnownFileType = sourcecode.c.objc; path = "UIViewController+LYAssets.m"; sourceTree = "<group>"; };
		6DDB71C01D0D3E2900972587 /* LYToolAssetsDemo.app */ = {isa = PBXFileReference; explicitFileType = wrapper.application; includeInIndex = 0; path = LYToolAssetsDemo.app; sourceTree = BUILT_PRODUCTS_DIR; };
		6DDB71C41D0D3E2900972587 /* main.m */ = {isa = PBXFileReference; lastKnownFileType = sourcecode.c.objc; path = main.m; sourceTree = "<group>"; };
		6DDB71C61D0D3E2900972587 /* AppDelegate.h */ = {isa = PBXFileReference; lastKnownFileType = sourcecode.c.h; path = AppDelegate.h; sourceTree = "<group>"; };
		6DDB71C71D0D3E2900972587 /* AppDelegate.m */ = {isa = PBXFileReference; lastKnownFileType = sourcecode.c.objc; path = AppDelegate.m; sourceTree = "<group>"; };
		6DDB71C91D0D3E2900972587 /* ViewController.h */ = {isa = PBXFileReference; lastKnownFileType = sourcecode.c.h; path = ViewController.h; sourceTree = "<group>"; };
		6DDB71CA1D0D3E2900972587 /* ViewController.m */ = {isa = PBXFileReference; lastKnownFileType = sourcecode.c.objc; path = ViewController.m; sourceTree = "<group>"; };
		6DDB71CD1D0D3E2900972587 /* Base */ = {isa = PBXFileReference; lastKnownFileType = file.storyboard; name = Base; path = Base.lproj/Main.storyboard; sourceTree = "<group>"; };
		6DDB71CF1D0D3E2900972587 /* Assets.xcassets */ = {isa = PBXFileReference; lastKnownFileType = folder.assetcatalog; path = Assets.xcassets; sourceTree = "<group>"; };
		6DDB71D21D0D3E2900972587 /* Base */ = {isa = PBXFileReference; lastKnownFileType = file.storyboard; name = Base; path = Base.lproj/LaunchScreen.storyboard; sourceTree = "<group>"; };
		6DDB71D41D0D3E2900972587 /* Info.plist */ = {isa = PBXFileReference; lastKnownFileType = text.plist.xml; path = Info.plist; sourceTree = "<group>"; };
/* End PBXFileReference section */

/* Begin PBXFrameworksBuildPhase section */
		6DDB71BD1D0D3E2900972587 /* Frameworks */ = {
			isa = PBXFrameworksBuildPhase;
			buildActionMask = 2147483647;
			files = (
				6D4C3D6A1D700E0B00816A26 /* libz.tbd in Frameworks */,
				6D4C3D681D700E0500816A26 /* Foundation.framework in Frameworks */,
				6D4C3D661D700E0000816A26 /* UIKit.framework in Frameworks */,
			);
			runOnlyForDeploymentPostprocessing = 0;
		};
/* End PBXFrameworksBuildPhase section */

/* Begin PBXGroup section */
		6D4C3D641D700DED00816A26 /* Frameworks */ = {
			isa = PBXGroup;
			children = (
				6D4C3D691D700E0B00816A26 /* libz.tbd */,
				6D4C3D671D700E0500816A26 /* Foundation.framework */,
				6D4C3D651D700E0000816A26 /* UIKit.framework */,
			);
			name = Frameworks;
			sourceTree = "<group>";
		};
		6D63E45E1E0BAE8900273FC1 /* LYToolAssets */ = {
			isa = PBXGroup;
			children = (
				6D63E45F1E0BAE8900273FC1 /* Depend */,
				6D63E4641E0BAE8900273FC1 /* Foundation */,
				6D63E47B1E0BAE8900273FC1 /* LYConstantAssets.h */,
				6D63E47C1E0BAE8900273FC1 /* LYConstantAssets.m */,
				6D63E47D1E0BAE8900273FC1 /* LYMacrosHeaders.h */,
				6D63E47E1E0BAE8900273FC1 /* LYToolAssets.h */,
				6D63E47F1E0BAE8900273FC1 /* UIKit */,
			);
			name = LYToolAssets;
			path = ../../LYToolAssets;
			sourceTree = "<group>";
		};
		6D63E45F1E0BAE8900273FC1 /* Depend */ = {
			isa = PBXGroup;
			children = (
				6D63E4601E0BAE8900273FC1 /* GTMBase64 */,
			);
			path = Depend;
			sourceTree = "<group>";
		};
		6D63E4601E0BAE8900273FC1 /* GTMBase64 */ = {
			isa = PBXGroup;
			children = (
				6D63E4611E0BAE8900273FC1 /* GTMBase64.h */,
				6D63E4621E0BAE8900273FC1 /* GTMBase64.m */,
				6D63E4631E0BAE8900273FC1 /* GTMDefines.h */,
			);
			path = GTMBase64;
			sourceTree = "<group>";
		};
		6D63E4641E0BAE8900273FC1 /* Foundation */ = {
			isa = PBXGroup;
			children = (
				6D63E4651E0BAE8900273FC1 /* NSArray+LYAssets.h */,
				6D63E4661E0BAE8900273FC1 /* NSArray+LYAssets.m */,
				6D63E4671E0BAE8900273FC1 /* NSData+LYAssets.h */,
				6D63E4681E0BAE8900273FC1 /* NSData+LYAssets.m */,
				6D63E4691E0BAE8900273FC1 /* NSDate+LYAssets.h */,
				6D63E46A1E0BAE8900273FC1 /* NSDate+LYAssets.m */,
				6D63E46B1E0BAE8900273FC1 /* NSDictionary+LYAssets.h */,
				6D63E46C1E0BAE8900273FC1 /* NSDictionary+LYAssets.m */,
				6D63E46D1E0BAE8900273FC1 /* NSFileManager+LYAssets.h */,
				6D63E46E1E0BAE8900273FC1 /* NSFileManager+LYAssets.m */,
				6D63E46F1E0BAE8900273FC1 /* NSIndexPath+LYAssets.h */,
				6D63E4701E0BAE8900273FC1 /* NSIndexPath+LYAssets.m */,
				6D63E4711E0BAE8900273FC1 /* NSMutableArray+LYAssets.h */,
				6D63E4721E0BAE8900273FC1 /* NSMutableArray+LYAssets.m */,
				6D63E4731E0BAE8900273FC1 /* NSMutableDictionary+LYAssets.h */,
				6D63E4741E0BAE8900273FC1 /* NSMutableDictionary+LYAssets.m */,
				6D63E4751E0BAE8900273FC1 /* NSMutableString+LYAssets.h */,
				6D63E4761E0BAE8900273FC1 /* NSMutableString+LYAssets.m */,
				6D63E4771E0BAE8900273FC1 /* NSObject+LYAssets.h */,
				6D63E4781E0BAE8900273FC1 /* NSObject+LYAssets.m */,
				6D63E4791E0BAE8900273FC1 /* NSString+LYAssets.h */,
				6D63E47A1E0BAE8900273FC1 /* NSString+LYAssets.m */,
			);
			path = Foundation;
			sourceTree = "<group>";
		};
		6D63E47F1E0BAE8900273FC1 /* UIKit */ = {
			isa = PBXGroup;
			children = (
				6D63E4801E0BAE8900273FC1 /* LYNavigationController.h */,
				6D63E4811E0BAE8900273FC1 /* LYNavigationController.m */,
				6D63E4821E0BAE8900273FC1 /* LYVisibleButton.h */,
				6D63E4831E0BAE8900273FC1 /* LYVisibleButton.m */,
				6D63E4841E0BAE8900273FC1 /* LYVisibleImageView.h */,
				6D63E4851E0BAE8900273FC1 /* LYVisibleImageView.m */,
				6D63E4861E0BAE8900273FC1 /* LYVisibleLabel.h */,
				6D63E4871E0BAE8900273FC1 /* LYVisibleLabel.m */,
				6D63E4881E0BAE8900273FC1 /* LYVisibleView.h */,
				6D63E4891E0BAE8900273FC1 /* LYVisibleView.m */,
				6D63E48A1E0BAE8900273FC1 /* UIColor+LYAssets.h */,
				6D63E48B1E0BAE8900273FC1 /* UIColor+LYAssets.m */,
				6D63E48C1E0BAE8900273FC1 /* UIImage+LYAssets.h */,
				6D63E48D1E0BAE8900273FC1 /* UIImage+LYAssets.m */,
				6D63E48E1E0BAE8900273FC1 /* UINavigationController+LYAssets.h */,
				6D63E48F1E0BAE8900273FC1 /* UINavigationController+LYAssets.m */,
				6D63E4901E0BAE8900273FC1 /* UIViewController+LYAssets.h */,
				6D63E4911E0BAE8900273FC1 /* UIViewController+LYAssets.m */,
			);
			path = UIKit;
			sourceTree = "<group>";
		};
		6DDB71B71D0D3E2900972587 = {
			isa = PBXGroup;
			children = (
				6D4C3D641D700DED00816A26 /* Frameworks */,
				6DDB71C21D0D3E2900972587 /* LYToolAssetsDemo */,
				6DDB71C11D0D3E2900972587 /* Products */,
			);
			sourceTree = "<group>";
		};
		6DDB71C11D0D3E2900972587 /* Products */ = {
			isa = PBXGroup;
			children = (
				6DDB71C01D0D3E2900972587 /* LYToolAssetsDemo.app */,
			);
			name = Products;
			sourceTree = "<group>";
		};
		6DDB71C21D0D3E2900972587 /* LYToolAssetsDemo */ = {
			isa = PBXGroup;
			children = (
				6D63E45E1E0BAE8900273FC1 /* LYToolAssets */,
				6DDB71C61D0D3E2900972587 /* AppDelegate.h */,
				6DDB71C71D0D3E2900972587 /* AppDelegate.m */,
				6DDB71C91D0D3E2900972587 /* ViewController.h */,
				6DDB71CA1D0D3E2900972587 /* ViewController.m */,
				6DDB71CC1D0D3E2900972587 /* Main.storyboard */,
				6DDB71CF1D0D3E2900972587 /* Assets.xcassets */,
				6DDB71D11D0D3E2900972587 /* LaunchScreen.storyboard */,
				6DDB71D41D0D3E2900972587 /* Info.plist */,
				6DDB71C31D0D3E2900972587 /* Supporting Files */,
			);
			path = LYToolAssetsDemo;
			sourceTree = "<group>";
		};
		6DDB71C31D0D3E2900972587 /* Supporting Files */ = {
			isa = PBXGroup;
			children = (
				6DDB71C41D0D3E2900972587 /* main.m */,
			);
			name = "Supporting Files";
			sourceTree = "<group>";
		};
/* End PBXGroup section */

/* Begin PBXNativeTarget section */
		6DDB71BF1D0D3E2900972587 /* LYToolAssetsDemo */ = {
			isa = PBXNativeTarget;
			buildConfigurationList = 6DDB71D71D0D3E2900972587 /* Build configuration list for PBXNativeTarget "LYToolAssetsDemo" */;
			buildPhases = (
				6DDB71BC1D0D3E2900972587 /* Sources */,
				6DDB71BD1D0D3E2900972587 /* Frameworks */,
				6DDB71BE1D0D3E2900972587 /* Resources */,
			);
			buildRules = (
			);
			dependencies = (
			);
			name = LYToolAssetsDemo;
			productName = LYToolAssetsDemo;
			productReference = 6DDB71C01D0D3E2900972587 /* LYToolAssetsDemo.app */;
			productType = "com.apple.product-type.application";
		};
/* End PBXNativeTarget section */

/* Begin PBXProject section */
		6DDB71B81D0D3E2900972587 /* Project object */ = {
			isa = PBXProject;
			attributes = {
				LastUpgradeCheck = 0730;
				ORGANIZATIONNAME = "Lei Yang";
				TargetAttributes = {
					6DDB71BF1D0D3E2900972587 = {
						CreatedOnToolsVersion = 7.3.1;
					};
				};
			};
			buildConfigurationList = 6DDB71BB1D0D3E2900972587 /* Build configuration list for PBXProject "LYToolAssetsDemo" */;
			compatibilityVersion = "Xcode 3.2";
			developmentRegion = English;
			hasScannedForEncodings = 0;
			knownRegions = (
				en,
				Base,
			);
			mainGroup = 6DDB71B71D0D3E2900972587;
			productRefGroup = 6DDB71C11D0D3E2900972587 /* Products */;
			projectDirPath = "";
			projectRoot = "";
			targets = (
				6DDB71BF1D0D3E2900972587 /* LYToolAssetsDemo */,
			);
		};
/* End PBXProject section */

/* Begin PBXResourcesBuildPhase section */
		6DDB71BE1D0D3E2900972587 /* Resources */ = {
			isa = PBXResourcesBuildPhase;
			buildActionMask = 2147483647;
			files = (
				6DDB71D31D0D3E2900972587 /* LaunchScreen.storyboard in Resources */,
				6DDB71D01D0D3E2900972587 /* Assets.xcassets in Resources */,
				6DDB71CE1D0D3E2900972587 /* Main.storyboard in Resources */,
			);
			runOnlyForDeploymentPostprocessing = 0;
		};
/* End PBXResourcesBuildPhase section */

/* Begin PBXSourcesBuildPhase section */
		6DDB71BC1D0D3E2900972587 /* Sources */ = {
			isa = PBXSourcesBuildPhase;
			buildActionMask = 2147483647;
			files = (
				6D63E49D1E0BAE8900273FC1 /* NSString+LYAssets.m in Sources */,
				6D63E4941E0BAE8900273FC1 /* NSData+LYAssets.m in Sources */,
				6D63E49A1E0BAE8900273FC1 /* NSMutableDictionary+LYAssets.m in Sources */,
				6D63E4A61E0BAE8900273FC1 /* UINavigationController+LYAssets.m in Sources */,
				6D63E49F1E0BAE8900273FC1 /* LYNavigationController.m in Sources */,
				6DDB71CB1D0D3E2900972587 /* ViewController.m in Sources */,
				6D63E49B1E0BAE8900273FC1 /* NSMutableString+LYAssets.m in Sources */,
				6D63E4991E0BAE8900273FC1 /* NSMutableArray+LYAssets.m in Sources */,
				6DDB71C81D0D3E2900972587 /* AppDelegate.m in Sources */,
				6D63E4971E0BAE8900273FC1 /* NSFileManager+LYAssets.m in Sources */,
				6D63E4A01E0BAE8900273FC1 /* LYVisibleButton.m in Sources */,
				6DDB71C51D0D3E2900972587 /* main.m in Sources */,
				6D63E4A11E0BAE8900273FC1 /* LYVisibleImageView.m in Sources */,
				6D63E4961E0BAE8900273FC1 /* NSDictionary+LYAssets.m in Sources */,
				6D63E49C1E0BAE8900273FC1 /* NSObject+LYAssets.m in Sources */,
				6D63E4951E0BAE8900273FC1 /* NSDate+LYAssets.m in Sources */,
				6D63E4921E0BAE8900273FC1 /* GTMBase64.m in Sources */,
				6D63E4A31E0BAE8900273FC1 /* LYVisibleView.m in Sources */,
				6D63E4A41E0BAE8900273FC1 /* UIColor+LYAssets.m in Sources */,
				6D63E4981E0BAE8900273FC1 /* NSIndexPath+LYAssets.m in Sources */,
				6D63E4A51E0BAE8900273FC1 /* UIImage+LYAssets.m in Sources */,
				6D63E4931E0BAE8900273FC1 /* NSArray+LYAssets.m in Sources */,
				6D63E4A21E0BAE8900273FC1 /* LYVisibleLabel.m in Sources */,
				6D63E49E1E0BAE8900273FC1 /* LYConstantAssets.m in Sources */,
				6D63E4A71E0BAE8900273FC1 /* UIViewController+LYAssets.m in Sources */,
			);
			runOnlyForDeploymentPostprocessing = 0;
		};
/* End PBXSourcesBuildPhase section */

/* Begin PBXVariantGroup section */
		6DDB71CC1D0D3E2900972587 /* Main.storyboard */ = {
			isa = PBXVariantGroup;
			children = (
				6DDB71CD1D0D3E2900972587 /* Base */,
			);
			name = Main.storyboard;
			sourceTree = "<group>";
		};
		6DDB71D11D0D3E2900972587 /* LaunchScreen.storyboard */ = {
			isa = PBXVariantGroup;
			children = (
				6DDB71D21D0D3E2900972587 /* Base */,
			);
			name = LaunchScreen.storyboard;
			sourceTree = "<group>";
		};
/* End PBXVariantGroup section */

/* Begin XCBuildConfiguration section */
		6DDB71D51D0D3E2900972587 /* Debug */ = {
			isa = XCBuildConfiguration;
			buildSettings = {
				ALWAYS_SEARCH_USER_PATHS = NO;
				CLANG_ANALYZER_NONNULL = YES;
				CLANG_CXX_LANGUAGE_STANDARD = "gnu++0x";
				CLANG_CXX_LIBRARY = "libc++";
				CLANG_ENABLE_MODULES = YES;
				CLANG_ENABLE_OBJC_ARC = YES;
				CLANG_WARN_BOOL_CONVERSION = YES;
				CLANG_WARN_CONSTANT_CONVERSION = YES;
				CLANG_WARN_DIRECT_OBJC_ISA_USAGE = YES_ERROR;
				CLANG_WARN_EMPTY_BODY = YES;
				CLANG_WARN_ENUM_CONVERSION = YES;
				CLANG_WARN_INT_CONVERSION = YES;
				CLANG_WARN_OBJC_ROOT_CLASS = YES_ERROR;
				CLANG_WARN_UNREACHABLE_CODE = YES;
				CLANG_WARN__DUPLICATE_METHOD_MATCH = YES;
				"CODE_SIGN_IDENTITY[sdk=iphoneos*]" = "iPhone Developer";
				COPY_PHASE_STRIP = NO;
				DEBUG_INFORMATION_FORMAT = dwarf;
				ENABLE_STRICT_OBJC_MSGSEND = YES;
				ENABLE_TESTABILITY = YES;
				GCC_C_LANGUAGE_STANDARD = gnu99;
				GCC_DYNAMIC_NO_PIC = NO;
				GCC_NO_COMMON_BLOCKS = YES;
				GCC_OPTIMIZATION_LEVEL = 0;
				GCC_PREPROCESSOR_DEFINITIONS = (
					"DEBUG=1",
					"$(inherited)",
				);
				GCC_WARN_64_TO_32_BIT_CONVERSION = YES;
				GCC_WARN_ABOUT_RETURN_TYPE = YES_ERROR;
				GCC_WARN_UNDECLARED_SELECTOR = YES;
				GCC_WARN_UNINITIALIZED_AUTOS = YES_AGGRESSIVE;
				GCC_WARN_UNUSED_FUNCTION = YES;
				GCC_WARN_UNUSED_VARIABLE = YES;
				IPHONEOS_DEPLOYMENT_TARGET = 9.3;
				MTL_ENABLE_DEBUG_INFO = YES;
				ONLY_ACTIVE_ARCH = YES;
				SDKROOT = iphoneos;
				TARGETED_DEVICE_FAMILY = "1,2";
			};
			name = Debug;
		};
		6DDB71D61D0D3E2900972587 /* Release */ = {
			isa = XCBuildConfiguration;
			buildSettings = {
				ALWAYS_SEARCH_USER_PATHS = NO;
				CLANG_ANALYZER_NONNULL = YES;
				CLANG_CXX_LANGUAGE_STANDARD = "gnu++0x";
				CLANG_CXX_LIBRARY = "libc++";
				CLANG_ENABLE_MODULES = YES;
				CLANG_ENABLE_OBJC_ARC = YES;
				CLANG_WARN_BOOL_CONVERSION = YES;
				CLANG_WARN_CONSTANT_CONVERSION = YES;
				CLANG_WARN_DIRECT_OBJC_ISA_USAGE = YES_ERROR;
				CLANG_WARN_EMPTY_BODY = YES;
				CLANG_WARN_ENUM_CONVERSION = YES;
				CLANG_WARN_INT_CONVERSION = YES;
				CLANG_WARN_OBJC_ROOT_CLASS = YES_ERROR;
				CLANG_WARN_UNREACHABLE_CODE = YES;
				CLANG_WARN__DUPLICATE_METHOD_MATCH = YES;
				"CODE_SIGN_IDENTITY[sdk=iphoneos*]" = "iPhone Developer";
				COPY_PHASE_STRIP = NO;
				DEBUG_INFORMATION_FORMAT = "dwarf-with-dsym";
				ENABLE_NS_ASSERTIONS = NO;
				ENABLE_STRICT_OBJC_MSGSEND = YES;
				GCC_C_LANGUAGE_STANDARD = gnu99;
				GCC_NO_COMMON_BLOCKS = YES;
				GCC_WARN_64_TO_32_BIT_CONVERSION = YES;
				GCC_WARN_ABOUT_RETURN_TYPE = YES_ERROR;
				GCC_WARN_UNDECLARED_SELECTOR = YES;
				GCC_WARN_UNINITIALIZED_AUTOS = YES_AGGRESSIVE;
				GCC_WARN_UNUSED_FUNCTION = YES;
				GCC_WARN_UNUSED_VARIABLE = YES;
				IPHONEOS_DEPLOYMENT_TARGET = 9.3;
				MTL_ENABLE_DEBUG_INFO = NO;
				SDKROOT = iphoneos;
				TARGETED_DEVICE_FAMILY = "1,2";
				VALIDATE_PRODUCT = YES;
			};
			name = Release;
		};
		6DDB71D81D0D3E2900972587 /* Debug */ = {
			isa = XCBuildConfiguration;
			buildSettings = {
				ASSETCATALOG_COMPILER_APPICON_NAME = AppIcon;
				INFOPLIST_FILE = LYToolAssetsDemo/Info.plist;
				LD_RUNPATH_SEARCH_PATHS = "$(inherited) @executable_path/Frameworks";
				LIBRARY_SEARCH_PATHS = "$(inherited)";
				OTHER_LDFLAGS = "-ObjC";
				PRODUCT_BUNDLE_IDENTIFIER = com.caxa.LYToolAssetsDemo;
				PRODUCT_NAME = "$(TARGET_NAME)";
			};
			name = Debug;
		};
		6DDB71D91D0D3E2900972587 /* Release */ = {
			isa = XCBuildConfiguration;
			buildSettings = {
				ASSETCATALOG_COMPILER_APPICON_NAME = AppIcon;
				INFOPLIST_FILE = LYToolAssetsDemo/Info.plist;
				LD_RUNPATH_SEARCH_PATHS = "$(inherited) @executable_path/Frameworks";
				LIBRARY_SEARCH_PATHS = "$(inherited)";
				OTHER_LDFLAGS = "-ObjC";
				PRODUCT_BUNDLE_IDENTIFIER = com.caxa.LYToolAssetsDemo;
				PRODUCT_NAME = "$(TARGET_NAME)";
			};
			name = Release;
		};
/* End XCBuildConfiguration section */

/* Begin XCConfigurationList section */
		6DDB71BB1D0D3E2900972587 /* Build configuration list for PBXProject "LYToolAssetsDemo" */ = {
			isa = XCConfigurationList;
			buildConfigurations = (
				6DDB71D51D0D3E2900972587 /* Debug */,
				6DDB71D61D0D3E2900972587 /* Release */,
			);
			defaultConfigurationIsVisible = 0;
			defaultConfigurationName = Release;
		};
		6DDB71D71D0D3E2900972587 /* Build configuration list for PBXNativeTarget "LYToolAssetsDemo" */ = {
			isa = XCConfigurationList;
			buildConfigurations = (
				6DDB71D81D0D3E2900972587 /* Debug */,
				6DDB71D91D0D3E2900972587 /* Release */,
			);
			defaultConfigurationIsVisible = 0;
			defaultConfigurationName = Release;
		};
/* End XCConfigurationList section */
	};
	rootObject = 6DDB71B81D0D3E2900972587 /* Project object */;
}
